
Microsoft Visual Studio Solution File, Format Version 12.00
# Visual Studio Version 16
VisualStudioVersion = 16.0.31729.503
MinimumVisualStudioVersion = 10.0.40219.1
Project("{FAE04EC0-301F-11D3-BF4B-00C04F79EFBC}") = "zipYapma", "zipYapma\zipYapma.csproj", "{02DC2744-9AE8-4474-90ED-3A89C611756E}"
EndProject
Global
	GlobalSection(SolutionConfigurationPlatforms) = preSolution
		Debug|Any CPU = Debug|Any CPU
		Release|Any CPU = Release|Any CPU
	EndGlobalSection
	GlobalSection(ProjectConfigurationPlatforms) = postSolution
		{02DC2744-9AE8-4474-90ED-3A89C611756E}.Debug|Any CPU.ActiveCfg = Debug|Any CPU
		{02DC2744-9AE8-4474-90ED-3A89C611756E}.Debug|Any CPU.Build.0 = Debug|Any CPU
		{02DC2744-9AE8-4474-90ED-3A89C611756E}.Release|Any CPU.ActiveCfg = Release|Any CPU
		{02DC2744-9AE8-4474-90ED-3A89C611756E}.Release|Any CPU.Build.0 = Release|Any CPU
	EndGlobalSection
	GlobalSection(SolutionProperties) = preSolution
		HideSolutionNode = FALSE
	EndGlobalSection
	GlobalSection(ExtensibilityGlobals) = postSolution
		SolutionGuid = {49735CE6-58EF-4E49-A4E5-AD19639126E9}
	EndGlobalSection
EndGlobal
